// !$*UTF8*$!
{
	archiveVersion = 1;
	classes = {
	};
	objectVersion = 46;
	objects = {

/* Begin PBXBuildFile section */
		BA1F29A91B8166AB00219F95 /* Question.m in Sources */ = {isa = PBXBuildFile; fileRef = BA1F29A81B8166AB00219F95 /* Question.m */; };
		BA1F29AF1B8178D300219F95 /* InterestLevelIcon.m in Sources */ = {isa = PBXBuildFile; fileRef = BA1F29AE1B8178D300219F95 /* InterestLevelIcon.m */; };
		BA55ADAA1B828A2700985717 /* AnswersTVController.m in Sources */ = {isa = PBXBuildFile; fileRef = BA55ADA91B828A2700985717 /* AnswersTVController.m */; };
		BA55ADAD1B82917F00985717 /* QuestionCellAnswerView.m in Sources */ = {isa = PBXBuildFile; fileRef = BA55ADAC1B82917F00985717 /* QuestionCellAnswerView.m */; };
		BA55ADB11B8291B200985717 /* AnswerCell.m in Sources */ = {isa = PBXBuildFile; fileRef = BA55ADB01B8291B200985717 /* AnswerCell.m */; };
		BA8AC1191B7EA3FC000D6A15 /* main.m in Sources */ = {isa = PBXBuildFile; fileRef = BA8AC1181B7EA3FC000D6A15 /* main.m */; };
		BA8AC11C1B7EA3FC000D6A15 /* AppDelegate.m in Sources */ = {isa = PBXBuildFile; fileRef = BA8AC11B1B7EA3FC000D6A15 /* AppDelegate.m */; };
		BA8AC1251B7EA3FC000D6A15 /* Main.storyboard in Resources */ = {isa = PBXBuildFile; fileRef = BA8AC1231B7EA3FC000D6A15 /* Main.storyboard */; };
		BA8AC1271B7EA3FC000D6A15 /* Images.xcassets in Resources */ = {isa = PBXBuildFile; fileRef = BA8AC1261B7EA3FC000D6A15 /* Images.xcassets */; };
		BA8AC12A1B7EA3FC000D6A15 /* LaunchScreen.xib in Resources */ = {isa = PBXBuildFile; fileRef = BA8AC1281B7EA3FC000D6A15 /* LaunchScreen.xib */; };
		BA8AC1481B7EA4F5000D6A15 /* AudioToolbox.framework in Frameworks */ = {isa = PBXBuildFile; fileRef = BA8AC1471B7EA4F5000D6A15 /* AudioToolbox.framework */; };
		BA8AC14A1B7EA4FC000D6A15 /* CFNetwork.framework in Frameworks */ = {isa = PBXBuildFile; fileRef = BA8AC1491B7EA4FC000D6A15 /* CFNetwork.framework */; };
		BA8AC14C1B7EA504000D6A15 /* CoreGraphics.framework in Frameworks */ = {isa = PBXBuildFile; fileRef = BA8AC14B1B7EA504000D6A15 /* CoreGraphics.framework */; };
		BA8AC14E1B7EA50B000D6A15 /* QuartzCore.framework in Frameworks */ = {isa = PBXBuildFile; fileRef = BA8AC14D1B7EA50B000D6A15 /* QuartzCore.framework */; };
		BA8AC1501B7EA511000D6A15 /* Security.framework in Frameworks */ = {isa = PBXBuildFile; fileRef = BA8AC14F1B7EA511000D6A15 /* Security.framework */; };
		BA8AC1521B7EA518000D6A15 /* StoreKit.framework in Frameworks */ = {isa = PBXBuildFile; fileRef = BA8AC1511B7EA518000D6A15 /* StoreKit.framework */; };
		BA8AC1541B7EA522000D6A15 /* SystemConfiguration.framework in Frameworks */ = {isa = PBXBuildFile; fileRef = BA8AC1531B7EA522000D6A15 /* SystemConfiguration.framework */; };
		BA8AC1561B7EA534000D6A15 /* libz.dylib in Frameworks */ = {isa = PBXBuildFile; fileRef = BA8AC1551B7EA534000D6A15 /* libz.dylib */; };
		BA8AC1581B7EA540000D6A15 /* libsqlite3.dylib in Frameworks */ = {isa = PBXBuildFile; fileRef = BA8AC1571B7EA540000D6A15 /* libsqlite3.dylib */; };
		BA8AC15A1B7EA549000D6A15 /* Accounts.framework in Frameworks */ = {isa = PBXBuildFile; fileRef = BA8AC1591B7EA549000D6A15 /* Accounts.framework */; };
		BA8AC15C1B7EA550000D6A15 /* Social.framework in Frameworks */ = {isa = PBXBuildFile; fileRef = BA8AC15B1B7EA550000D6A15 /* Social.framework */; };
		BA8AC15F1B7EA626000D6A15 /* LogInViewController.m in Sources */ = {isa = PBXBuildFile; fileRef = BA8AC15E1B7EA626000D6A15 /* LogInViewController.m */; };
		BA8AC1701B7EBDC3000D6A15 /* logInViewControllerConfigure.m in Sources */ = {isa = PBXBuildFile; fileRef = BA8AC16D1B7EBDC3000D6A15 /* logInViewControllerConfigure.m */; };
		BA8AC1711B7EBDC3000D6A15 /* signUpViewControllerConfigure.m in Sources */ = {isa = PBXBuildFile; fileRef = BA8AC16F1B7EBDC3000D6A15 /* signUpViewControllerConfigure.m */; };
		BA8AC17E1B7EC566000D6A15 /* QuestionsCell.m in Sources */ = {isa = PBXBuildFile; fileRef = BA8AC17D1B7EC566000D6A15 /* QuestionsCell.m */; };
		BA8AC1841B8109C9000D6A15 /* QuestionsTableViewController.m in Sources */ = {isa = PBXBuildFile; fileRef = BA8AC1831B8109C9000D6A15 /* QuestionsTableViewController.m */; };
		BA8AC1921B814385000D6A15 /* User.m in Sources */ = {isa = PBXBuildFile; fileRef = BA8AC1911B814385000D6A15 /* User.m */; };
		BABD8F561B83A1BC00F1F519 /* FBSDKShareKit.framework in Frameworks */ = {isa = PBXBuildFile; fileRef = BABD8F551B83A1BC00F1F519 /* FBSDKShareKit.framework */; };
		BABD8F591B83A1DB00F1F519 /* FBSDKCoreKit.framework in Frameworks */ = {isa = PBXBuildFile; fileRef = BABD8F571B83A1DB00F1F519 /* FBSDKCoreKit.framework */; };
		BABD8F5A1B83A1DB00F1F519 /* FBSDKLoginKit.framework in Frameworks */ = {isa = PBXBuildFile; fileRef = BABD8F581B83A1DB00F1F519 /* FBSDKLoginKit.framework */; };
		BABD8F601B83A25500F1F519 /* QuestionCreationTest.m in Sources */ = {isa = PBXBuildFile; fileRef = BABD8F5F1B83A25500F1F519 /* QuestionCreationTest.m */; };
		BABD8F641B83A70E00F1F519 /* UserCreationTest.m in Sources */ = {isa = PBXBuildFile; fileRef = BABD8F631B83A70E00F1F519 /* UserCreationTest.m */; };
		BABD8F661B852C8E00F1F519 /* Parse.framework in Frameworks */ = {isa = PBXBuildFile; fileRef = BABD8F651B852C8E00F1F519 /* Parse.framework */; };
		BABD8F681B852CAF00F1F519 /* Bolts.framework in Frameworks */ = {isa = PBXBuildFile; fileRef = BABD8F671B852CAF00F1F519 /* Bolts.framework */; };
		BABD8F6B1B852CCC00F1F519 /* ParseFacebookUtils.framework in Frameworks */ = {isa = PBXBuildFile; fileRef = BABD8F691B852CCC00F1F519 /* ParseFacebookUtils.framework */; };
		BABD8F6C1B852CCC00F1F519 /* ParseFacebookUtilsV4.framework in Frameworks */ = {isa = PBXBuildFile; fileRef = BABD8F6A1B852CCC00F1F519 /* ParseFacebookUtilsV4.framework */; };
		BABD8F6E1B852CEC00F1F519 /* ParseUI.framework in Frameworks */ = {isa = PBXBuildFile; fileRef = BABD8F6D1B852CEC00F1F519 /* ParseUI.framework */; };
		BABD8F701B852D0600F1F519 /* ParseTwitterUtils.framework in Frameworks */ = {isa = PBXBuildFile; fileRef = BABD8F6F1B852D0600F1F519 /* ParseTwitterUtils.framework */; };
		BABD8F721B852D7E00F1F519 /* Parse.framework in Frameworks */ = {isa = PBXBuildFile; fileRef = BABD8F711B852D7E00F1F519 /* Parse.framework */; };
/* End PBXBuildFile section */

/* Begin PBXContainerItemProxy section */
		BA8AC1301B7EA3FC000D6A15 /* PBXContainerItemProxy */ = {
			isa = PBXContainerItemProxy;
			containerPortal = BA8AC10B1B7EA3FC000D6A15 /* Project object */;
			proxyType = 1;
			remoteGlobalIDString = BA8AC1121B7EA3FC000D6A15;
			remoteInfo = BloQuery;
		};
/* End PBXContainerItemProxy section */

/* Begin PBXFileReference section */
		BA1F29A71B8166AB00219F95 /* Question.h */ = {isa = PBXFileReference; fileEncoding = 4; lastKnownFileType = sourcecode.c.h; path = Question.h; sourceTree = "<group>"; };
		BA1F29A81B8166AB00219F95 /* Question.m */ = {isa = PBXFileReference; fileEncoding = 4; lastKnownFileType = sourcecode.c.objc; path = Question.m; sourceTree = "<group>"; };
		BA1F29AD1B8178D300219F95 /* InterestLevelIcon.h */ = {isa = PBXFileReference; fileEncoding = 4; lastKnownFileType = sourcecode.c.h; path = InterestLevelIcon.h; sourceTree = "<group>"; };
		BA1F29AE1B8178D300219F95 /* InterestLevelIcon.m */ = {isa = PBXFileReference; fileEncoding = 4; lastKnownFileType = sourcecode.c.objc; path = InterestLevelIcon.m; sourceTree = "<group>"; };
		BA55ADA81B828A2700985717 /* AnswersTVController.h */ = {isa = PBXFileReference; fileEncoding = 4; lastKnownFileType = sourcecode.c.h; path = AnswersTVController.h; sourceTree = "<group>"; };
		BA55ADA91B828A2700985717 /* AnswersTVController.m */ = {isa = PBXFileReference; fileEncoding = 4; lastKnownFileType = sourcecode.c.objc; path = AnswersTVController.m; sourceTree = "<group>"; };
		BA55ADAB1B82917F00985717 /* QuestionCellAnswerView.h */ = {isa = PBXFileReference; fileEncoding = 4; lastKnownFileType = sourcecode.c.h; path = QuestionCellAnswerView.h; sourceTree = "<group>"; };
		BA55ADAC1B82917F00985717 /* QuestionCellAnswerView.m */ = {isa = PBXFileReference; fileEncoding = 4; lastKnownFileType = sourcecode.c.objc; path = QuestionCellAnswerView.m; sourceTree = "<group>"; };
		BA55ADAF1B8291B200985717 /* AnswerCell.h */ = {isa = PBXFileReference; fileEncoding = 4; lastKnownFileType = sourcecode.c.h; path = AnswerCell.h; sourceTree = "<group>"; };
		BA55ADB01B8291B200985717 /* AnswerCell.m */ = {isa = PBXFileReference; fileEncoding = 4; lastKnownFileType = sourcecode.c.objc; path = AnswerCell.m; sourceTree = "<group>"; };
		BA8AC1131B7EA3FC000D6A15 /* BloQuery.app */ = {isa = PBXFileReference; explicitFileType = wrapper.application; includeInIndex = 0; path = BloQuery.app; sourceTree = BUILT_PRODUCTS_DIR; };
		BA8AC1171B7EA3FC000D6A15 /* Info.plist */ = {isa = PBXFileReference; lastKnownFileType = text.plist.xml; path = Info.plist; sourceTree = "<group>"; };
		BA8AC1181B7EA3FC000D6A15 /* main.m */ = {isa = PBXFileReference; lastKnownFileType = sourcecode.c.objc; path = main.m; sourceTree = "<group>"; };
		BA8AC11A1B7EA3FC000D6A15 /* AppDelegate.h */ = {isa = PBXFileReference; lastKnownFileType = sourcecode.c.h; path = AppDelegate.h; sourceTree = "<group>"; };
		BA8AC11B1B7EA3FC000D6A15 /* AppDelegate.m */ = {isa = PBXFileReference; lastKnownFileType = sourcecode.c.objc; path = AppDelegate.m; sourceTree = "<group>"; };
		BA8AC1241B7EA3FC000D6A15 /* Base */ = {isa = PBXFileReference; lastKnownFileType = file.storyboard; name = Base; path = Base.lproj/Main.storyboard; sourceTree = "<group>"; };
		BA8AC1261B7EA3FC000D6A15 /* Images.xcassets */ = {isa = PBXFileReference; lastKnownFileType = folder.assetcatalog; path = Images.xcassets; sourceTree = "<group>"; };
		BA8AC1291B7EA3FC000D6A15 /* Base */ = {isa = PBXFileReference; lastKnownFileType = file.xib; name = Base; path = Base.lproj/LaunchScreen.xib; sourceTree = "<group>"; };
		BA8AC12F1B7EA3FC000D6A15 /* BloQueryTests.xctest */ = {isa = PBXFileReference; explicitFileType = wrapper.cfbundle; includeInIndex = 0; path = BloQueryTests.xctest; sourceTree = BUILT_PRODUCTS_DIR; };
		BA8AC1341B7EA3FC000D6A15 /* Info.plist */ = {isa = PBXFileReference; lastKnownFileType = text.plist.xml; path = Info.plist; sourceTree = "<group>"; };
		BA8AC1471B7EA4F5000D6A15 /* AudioToolbox.framework */ = {isa = PBXFileReference; lastKnownFileType = wrapper.framework; name = AudioToolbox.framework; path = System/Library/Frameworks/AudioToolbox.framework; sourceTree = SDKROOT; };
		BA8AC1491B7EA4FC000D6A15 /* CFNetwork.framework */ = {isa = PBXFileReference; lastKnownFileType = wrapper.framework; name = CFNetwork.framework; path = System/Library/Frameworks/CFNetwork.framework; sourceTree = SDKROOT; };
		BA8AC14B1B7EA504000D6A15 /* CoreGraphics.framework */ = {isa = PBXFileReference; lastKnownFileType = wrapper.framework; name = CoreGraphics.framework; path = System/Library/Frameworks/CoreGraphics.framework; sourceTree = SDKROOT; };
		BA8AC14D1B7EA50B000D6A15 /* QuartzCore.framework */ = {isa = PBXFileReference; lastKnownFileType = wrapper.framework; name = QuartzCore.framework; path = System/Library/Frameworks/QuartzCore.framework; sourceTree = SDKROOT; };
		BA8AC14F1B7EA511000D6A15 /* Security.framework */ = {isa = PBXFileReference; lastKnownFileType = wrapper.framework; name = Security.framework; path = System/Library/Frameworks/Security.framework; sourceTree = SDKROOT; };
		BA8AC1511B7EA518000D6A15 /* StoreKit.framework */ = {isa = PBXFileReference; lastKnownFileType = wrapper.framework; name = StoreKit.framework; path = System/Library/Frameworks/StoreKit.framework; sourceTree = SDKROOT; };
		BA8AC1531B7EA522000D6A15 /* SystemConfiguration.framework */ = {isa = PBXFileReference; lastKnownFileType = wrapper.framework; name = SystemConfiguration.framework; path = System/Library/Frameworks/SystemConfiguration.framework; sourceTree = SDKROOT; };
		BA8AC1551B7EA534000D6A15 /* libz.dylib */ = {isa = PBXFileReference; lastKnownFileType = "compiled.mach-o.dylib"; name = libz.dylib; path = usr/lib/libz.dylib; sourceTree = SDKROOT; };
		BA8AC1571B7EA540000D6A15 /* libsqlite3.dylib */ = {isa = PBXFileReference; lastKnownFileType = "compiled.mach-o.dylib"; name = libsqlite3.dylib; path = usr/lib/libsqlite3.dylib; sourceTree = SDKROOT; };
		BA8AC1591B7EA549000D6A15 /* Accounts.framework */ = {isa = PBXFileReference; lastKnownFileType = wrapper.framework; name = Accounts.framework; path = System/Library/Frameworks/Accounts.framework; sourceTree = SDKROOT; };
		BA8AC15B1B7EA550000D6A15 /* Social.framework */ = {isa = PBXFileReference; lastKnownFileType = wrapper.framework; name = Social.framework; path = System/Library/Frameworks/Social.framework; sourceTree = SDKROOT; };
		BA8AC15D1B7EA626000D6A15 /* LogInViewController.h */ = {isa = PBXFileReference; fileEncoding = 4; lastKnownFileType = sourcecode.c.h; path = LogInViewController.h; sourceTree = "<group>"; };
		BA8AC15E1B7EA626000D6A15 /* LogInViewController.m */ = {isa = PBXFileReference; fileEncoding = 4; lastKnownFileType = sourcecode.c.objc; path = LogInViewController.m; sourceTree = "<group>"; };
		BA8AC16C1B7EBDC3000D6A15 /* logInViewControllerConfigure.h */ = {isa = PBXFileReference; fileEncoding = 4; lastKnownFileType = sourcecode.c.h; name = logInViewControllerConfigure.h; path = ../../../BlocQuery/BlocQuery/BlocQuery/logInViewControllerConfigure.h; sourceTree = "<group>"; };
		BA8AC16D1B7EBDC3000D6A15 /* logInViewControllerConfigure.m */ = {isa = PBXFileReference; fileEncoding = 4; lastKnownFileType = sourcecode.c.objc; name = logInViewControllerConfigure.m; path = ../../../BlocQuery/BlocQuery/BlocQuery/logInViewControllerConfigure.m; sourceTree = "<group>"; };
		BA8AC16E1B7EBDC3000D6A15 /* signUpViewControllerConfigure.h */ = {isa = PBXFileReference; fileEncoding = 4; lastKnownFileType = sourcecode.c.h; name = signUpViewControllerConfigure.h; path = ../../../BlocQuery/BlocQuery/BlocQuery/signUpViewControllerConfigure.h; sourceTree = "<group>"; };
		BA8AC16F1B7EBDC3000D6A15 /* signUpViewControllerConfigure.m */ = {isa = PBXFileReference; fileEncoding = 4; lastKnownFileType = sourcecode.c.objc; name = signUpViewControllerConfigure.m; path = ../../../BlocQuery/BlocQuery/BlocQuery/signUpViewControllerConfigure.m; sourceTree = "<group>"; };
		BA8AC17C1B7EC566000D6A15 /* QuestionsCell.h */ = {isa = PBXFileReference; fileEncoding = 4; lastKnownFileType = sourcecode.c.h; path = QuestionsCell.h; sourceTree = "<group>"; };
		BA8AC17D1B7EC566000D6A15 /* QuestionsCell.m */ = {isa = PBXFileReference; fileEncoding = 4; lastKnownFileType = sourcecode.c.objc; path = QuestionsCell.m; sourceTree = "<group>"; };
		BA8AC1821B8109C9000D6A15 /* QuestionsTableViewController.h */ = {isa = PBXFileReference; fileEncoding = 4; lastKnownFileType = sourcecode.c.h; path = QuestionsTableViewController.h; sourceTree = "<group>"; };
		BA8AC1831B8109C9000D6A15 /* QuestionsTableViewController.m */ = {isa = PBXFileReference; fileEncoding = 4; lastKnownFileType = sourcecode.c.objc; path = QuestionsTableViewController.m; sourceTree = "<group>"; };
		BA8AC1901B814385000D6A15 /* User.h */ = {isa = PBXFileReference; fileEncoding = 4; lastKnownFileType = sourcecode.c.h; path = User.h; sourceTree = "<group>"; };
		BA8AC1911B814385000D6A15 /* User.m */ = {isa = PBXFileReference; fileEncoding = 4; lastKnownFileType = sourcecode.c.objc; path = User.m; sourceTree = "<group>"; };
		BABD8F551B83A1BC00F1F519 /* FBSDKShareKit.framework */ = {isa = PBXFileReference; lastKnownFileType = wrapper.framework; path = FBSDKShareKit.framework; sourceTree = "<group>"; };
		BABD8F571B83A1DB00F1F519 /* FBSDKCoreKit.framework */ = {isa = PBXFileReference; lastKnownFileType = wrapper.framework; path = FBSDKCoreKit.framework; sourceTree = "<group>"; };
		BABD8F581B83A1DB00F1F519 /* FBSDKLoginKit.framework */ = {isa = PBXFileReference; lastKnownFileType = wrapper.framework; path = FBSDKLoginKit.framework; sourceTree = "<group>"; };
		BABD8F5F1B83A25500F1F519 /* QuestionCreationTest.m */ = {isa = PBXFileReference; fileEncoding = 4; lastKnownFileType = sourcecode.c.objc; path = QuestionCreationTest.m; sourceTree = "<group>"; };
		BABD8F631B83A70E00F1F519 /* UserCreationTest.m */ = {isa = PBXFileReference; fileEncoding = 4; lastKnownFileType = sourcecode.c.objc; path = UserCreationTest.m; sourceTree = "<group>"; };
		BABD8F651B852C8E00F1F519 /* Parse.framework */ = {isa = PBXFileReference; lastKnownFileType = wrapper.framework; path = Parse.framework; sourceTree = "<group>"; };
		BABD8F671B852CAF00F1F519 /* Bolts.framework */ = {isa = PBXFileReference; lastKnownFileType = wrapper.framework; path = Bolts.framework; sourceTree = "<group>"; };
		BABD8F691B852CCC00F1F519 /* ParseFacebookUtils.framework */ = {isa = PBXFileReference; lastKnownFileType = wrapper.framework; path = ParseFacebookUtils.framework; sourceTree = "<group>"; };
		BABD8F6A1B852CCC00F1F519 /* ParseFacebookUtilsV4.framework */ = {isa = PBXFileReference; lastKnownFileType = wrapper.framework; path = ParseFacebookUtilsV4.framework; sourceTree = "<group>"; };
		BABD8F6D1B852CEC00F1F519 /* ParseUI.framework */ = {isa = PBXFileReference; lastKnownFileType = wrapper.framework; path = ParseUI.framework; sourceTree = "<group>"; };
		BABD8F6F1B852D0600F1F519 /* ParseTwitterUtils.framework */ = {isa = PBXFileReference; lastKnownFileType = wrapper.framework; path = ParseTwitterUtils.framework; sourceTree = "<group>"; };
		BABD8F711B852D7E00F1F519 /* Parse.framework */ = {isa = PBXFileReference; lastKnownFileType = wrapper.framework; name = Parse.framework; path = "../../../../Downloads/parse-library-1.8.1/Parse.framework"; sourceTree = "<group>"; };
/* End PBXFileReference section */

/* Begin PBXFrameworksBuildPhase section */
		BA8AC1101B7EA3FC000D6A15 /* Frameworks */ = {
			isa = PBXFrameworksBuildPhase;
			buildActionMask = 2147483647;
			files = (
				BA8AC15C1B7EA550000D6A15 /* Social.framework in Frameworks */,
				BABD8F681B852CAF00F1F519 /* Bolts.framework in Frameworks */,
				BABD8F6C1B852CCC00F1F519 /* ParseFacebookUtilsV4.framework in Frameworks */,
				BABD8F6B1B852CCC00F1F519 /* ParseFacebookUtils.framework in Frameworks */,
				BA8AC15A1B7EA549000D6A15 /* Accounts.framework in Frameworks */,
				BA8AC1581B7EA540000D6A15 /* libsqlite3.dylib in Frameworks */,
				BA8AC1561B7EA534000D6A15 /* libz.dylib in Frameworks */,
				BABD8F591B83A1DB00F1F519 /* FBSDKCoreKit.framework in Frameworks */,
				BA8AC1541B7EA522000D6A15 /* SystemConfiguration.framework in Frameworks */,
				BA8AC1521B7EA518000D6A15 /* StoreKit.framework in Frameworks */,
				BABD8F6E1B852CEC00F1F519 /* ParseUI.framework in Frameworks */,
				BA8AC1501B7EA511000D6A15 /* Security.framework in Frameworks */,
				BA8AC14E1B7EA50B000D6A15 /* QuartzCore.framework in Frameworks */,
				BA8AC14C1B7EA504000D6A15 /* CoreGraphics.framework in Frameworks */,
				BABD8F701B852D0600F1F519 /* ParseTwitterUtils.framework in Frameworks */,
				BABD8F661B852C8E00F1F519 /* Parse.framework in Frameworks */,
				BABD8F5A1B83A1DB00F1F519 /* FBSDKLoginKit.framework in Frameworks */,
				BABD8F561B83A1BC00F1F519 /* FBSDKShareKit.framework in Frameworks */,
				BA8AC14A1B7EA4FC000D6A15 /* CFNetwork.framework in Frameworks */,
				BA8AC1481B7EA4F5000D6A15 /* AudioToolbox.framework in Frameworks */,
			);
			runOnlyForDeploymentPostprocessing = 0;
		};
		BA8AC12C1B7EA3FC000D6A15 /* Frameworks */ = {
			isa = PBXFrameworksBuildPhase;
			buildActionMask = 2147483647;
			files = (
				BABD8F721B852D7E00F1F519 /* Parse.framework in Frameworks */,
			);
			runOnlyForDeploymentPostprocessing = 0;
		};
/* End PBXFrameworksBuildPhase section */

/* Begin PBXGroup section */
		BA55ADAE1B82918700985717 /* Custom Cells */ = {
			isa = PBXGroup;
			children = (
				BA55ADAB1B82917F00985717 /* QuestionCellAnswerView.h */,
				BA55ADAC1B82917F00985717 /* QuestionCellAnswerView.m */,
				BA55ADAF1B8291B200985717 /* AnswerCell.h */,
				BA55ADB01B8291B200985717 /* AnswerCell.m */,
			);
			name = "Custom Cells";
			sourceTree = "<group>";
		};
		BA8AC10A1B7EA3FC000D6A15 = {
			isa = PBXGroup;
			children = (
				BA8AC1151B7EA3FC000D6A15 /* BloQuery */,
				BA8AC1321B7EA3FC000D6A15 /* BloQueryTests */,
				BA8AC1141B7EA3FC000D6A15 /* Products */,
				BA8AC1421B7EA4B6000D6A15 /* Frameworks */,
			);
			sourceTree = "<group>";
		};
		BA8AC1141B7EA3FC000D6A15 /* Products */ = {
			isa = PBXGroup;
			children = (
				BA8AC1131B7EA3FC000D6A15 /* BloQuery.app */,
				BA8AC12F1B7EA3FC000D6A15 /* BloQueryTests.xctest */,
			);
			name = Products;
			sourceTree = "<group>";
		};
		BA8AC1151B7EA3FC000D6A15 /* BloQuery */ = {
			isa = PBXGroup;
			children = (
				BA8AC11A1B7EA3FC000D6A15 /* AppDelegate.h */,
				BA8AC11B1B7EA3FC000D6A15 /* AppDelegate.m */,
				BA1F29AD1B8178D300219F95 /* InterestLevelIcon.h */,
				BA1F29AE1B8178D300219F95 /* InterestLevelIcon.m */,
				BA8AC13F1B7EA405000D6A15 /* Controllers */,
				BA8AC1411B7EA408000D6A15 /* Views */,
				BA8AC1401B7EA406000D6A15 /* Model */,
				BA8AC1261B7EA3FC000D6A15 /* Images.xcassets */,
				BA8AC1161B7EA3FC000D6A15 /* Supporting Files */,
			);
			path = BloQuery;
			sourceTree = "<group>";
		};
		BA8AC1161B7EA3FC000D6A15 /* Supporting Files */ = {
			isa = PBXGroup;
			children = (
				BA8AC1171B7EA3FC000D6A15 /* Info.plist */,
				BA8AC1181B7EA3FC000D6A15 /* main.m */,
			);
			name = "Supporting Files";
			sourceTree = "<group>";
		};
		BA8AC1321B7EA3FC000D6A15 /* BloQueryTests */ = {
			isa = PBXGroup;
			children = (
				BABD8F5F1B83A25500F1F519 /* QuestionCreationTest.m */,
				BABD8F631B83A70E00F1F519 /* UserCreationTest.m */,
				BA8AC1331B7EA3FC000D6A15 /* Supporting Files */,
			);
			path = BloQueryTests;
			sourceTree = "<group>";
		};
		BA8AC1331B7EA3FC000D6A15 /* Supporting Files */ = {
			isa = PBXGroup;
			children = (
				BA8AC1341B7EA3FC000D6A15 /* Info.plist */,
			);
			name = "Supporting Files";
			sourceTree = "<group>";
		};
		BA8AC13F1B7EA405000D6A15 /* Controllers */ = {
			isa = PBXGroup;
			children = (
				BA8AC18F1B8141F6000D6A15 /* Questions view */,
				BA8AC18E1B8141A3000D6A15 /* Answers view */,
				BA8AC18D1B81414F000D6A15 /* Login */,
			);
			name = Controllers;
			sourceTree = "<group>";
		};
		BA8AC1401B7EA406000D6A15 /* Model */ = {
			isa = PBXGroup;
			children = (
				BA8AC1901B814385000D6A15 /* User.h */,
				BA8AC1911B814385000D6A15 /* User.m */,
				BA1F29A71B8166AB00219F95 /* Question.h */,
				BA1F29A81B8166AB00219F95 /* Question.m */,
			);
			name = Model;
			sourceTree = "<group>";
		};
		BA8AC1411B7EA408000D6A15 /* Views */ = {
			isa = PBXGroup;
			children = (
				BA8AC1231B7EA3FC000D6A15 /* Main.storyboard */,
				BA8AC1281B7EA3FC000D6A15 /* LaunchScreen.xib */,
			);
			name = Views;
			sourceTree = "<group>";
		};
		BA8AC1421B7EA4B6000D6A15 /* Frameworks */ = {
			isa = PBXGroup;
			children = (
				BABD8F711B852D7E00F1F519 /* Parse.framework */,
				BABD8F6F1B852D0600F1F519 /* ParseTwitterUtils.framework */,
				BABD8F651B852C8E00F1F519 /* Parse.framework */,
				BA8AC15B1B7EA550000D6A15 /* Social.framework */,
				BA8AC1591B7EA549000D6A15 /* Accounts.framework */,
				BA8AC1571B7EA540000D6A15 /* libsqlite3.dylib */,
				BABD8F6D1B852CEC00F1F519 /* ParseUI.framework */,
				BABD8F691B852CCC00F1F519 /* ParseFacebookUtils.framework */,
				BABD8F6A1B852CCC00F1F519 /* ParseFacebookUtilsV4.framework */,
				BA8AC1551B7EA534000D6A15 /* libz.dylib */,
				BABD8F671B852CAF00F1F519 /* Bolts.framework */,
				BABD8F571B83A1DB00F1F519 /* FBSDKCoreKit.framework */,
				BABD8F581B83A1DB00F1F519 /* FBSDKLoginKit.framework */,
				BABD8F551B83A1BC00F1F519 /* FBSDKShareKit.framework */,
				BA8AC1531B7EA522000D6A15 /* SystemConfiguration.framework */,
				BA8AC1511B7EA518000D6A15 /* StoreKit.framework */,
				BA8AC14F1B7EA511000D6A15 /* Security.framework */,
				BA8AC14D1B7EA50B000D6A15 /* QuartzCore.framework */,
				BA8AC14B1B7EA504000D6A15 /* CoreGraphics.framework */,
				BA8AC1491B7EA4FC000D6A15 /* CFNetwork.framework */,
				BA8AC1471B7EA4F5000D6A15 /* AudioToolbox.framework */,
			);
			name = Frameworks;
			path = BloQuery.xcodeproj;
			sourceTree = "<group>";
		};
		BA8AC1721B7EBEE1000D6A15 /* Login Configure */ = {
			isa = PBXGroup;
			children = (
				BA8AC16C1B7EBDC3000D6A15 /* logInViewControllerConfigure.h */,
				BA8AC16D1B7EBDC3000D6A15 /* logInViewControllerConfigure.m */,
				BA8AC16E1B7EBDC3000D6A15 /* signUpViewControllerConfigure.h */,
				BA8AC16F1B7EBDC3000D6A15 /* signUpViewControllerConfigure.m */,
			);
			name = "Login Configure";
			sourceTree = "<group>";
		};
		BA8AC18D1B81414F000D6A15 /* Login */ = {
			isa = PBXGroup;
			children = (
				BA8AC15D1B7EA626000D6A15 /* LogInViewController.h */,
				BA8AC15E1B7EA626000D6A15 /* LogInViewController.m */,
				BA8AC1721B7EBEE1000D6A15 /* Login Configure */,
			);
			name = Login;
			sourceTree = "<group>";
		};
		BA8AC18E1B8141A3000D6A15 /* Answers view */ = {
			isa = PBXGroup;
			children = (
				BA55ADA81B828A2700985717 /* AnswersTVController.h */,
				BA55ADA91B828A2700985717 /* AnswersTVController.m */,
				BA55ADAE1B82918700985717 /* Custom Cells */,
			);
			name = "Answers view";
			sourceTree = "<group>";
		};
		BA8AC18F1B8141F6000D6A15 /* Questions view */ = {
			isa = PBXGroup;
			children = (
				BA8AC1821B8109C9000D6A15 /* QuestionsTableViewController.h */,
				BA8AC1831B8109C9000D6A15 /* QuestionsTableViewController.m */,
				BA8AC17C1B7EC566000D6A15 /* QuestionsCell.h */,
				BA8AC17D1B7EC566000D6A15 /* QuestionsCell.m */,
			);
			name = "Questions view";
			sourceTree = "<group>";
		};
/* End PBXGroup section */

/* Begin PBXNativeTarget section */
		BA8AC1121B7EA3FC000D6A15 /* BloQuery */ = {
			isa = PBXNativeTarget;
			buildConfigurationList = BA8AC1391B7EA3FC000D6A15 /* Build configuration list for PBXNativeTarget "BloQuery" */;
			buildPhases = (
				BA8AC10F1B7EA3FC000D6A15 /* Sources */,
				BA8AC1101B7EA3FC000D6A15 /* Frameworks */,
				BA8AC1111B7EA3FC000D6A15 /* Resources */,
			);
			buildRules = (
			);
			dependencies = (
			);
			name = BloQuery;
			productName = BloQuery;
			productReference = BA8AC1131B7EA3FC000D6A15 /* BloQuery.app */;
			productType = "com.apple.product-type.application";
		};
		BA8AC12E1B7EA3FC000D6A15 /* BloQueryTests */ = {
			isa = PBXNativeTarget;
			buildConfigurationList = BA8AC13C1B7EA3FC000D6A15 /* Build configuration list for PBXNativeTarget "BloQueryTests" */;
			buildPhases = (
				BA8AC12B1B7EA3FC000D6A15 /* Sources */,
				BA8AC12C1B7EA3FC000D6A15 /* Frameworks */,
				BA8AC12D1B7EA3FC000D6A15 /* Resources */,
			);
			buildRules = (
			);
			dependencies = (
				BA8AC1311B7EA3FC000D6A15 /* PBXTargetDependency */,
			);
			name = BloQueryTests;
			productName = BloQueryTests;
			productReference = BA8AC12F1B7EA3FC000D6A15 /* BloQueryTests.xctest */;
			productType = "com.apple.product-type.bundle.unit-test";
		};
/* End PBXNativeTarget section */

/* Begin PBXProject section */
		BA8AC10B1B7EA3FC000D6A15 /* Project object */ = {
			isa = PBXProject;
			attributes = {
				LastUpgradeCheck = 0640;
				ORGANIZATIONNAME = "Charles Wesley Cho";
				TargetAttributes = {
					BA8AC1121B7EA3FC000D6A15 = {
						CreatedOnToolsVersion = 6.4;
					};
					BA8AC12E1B7EA3FC000D6A15 = {
						CreatedOnToolsVersion = 6.4;
						TestTargetID = BA8AC1121B7EA3FC000D6A15;
					};
				};
			};
			buildConfigurationList = BA8AC10E1B7EA3FC000D6A15 /* Build configuration list for PBXProject "BloQuery" */;
			compatibilityVersion = "Xcode 3.2";
			developmentRegion = English;
			hasScannedForEncodings = 0;
			knownRegions = (
				en,
				Base,
			);
			mainGroup = BA8AC10A1B7EA3FC000D6A15;
			productRefGroup = BA8AC1141B7EA3FC000D6A15 /* Products */;
			projectDirPath = "";
			projectRoot = "";
			targets = (
				BA8AC1121B7EA3FC000D6A15 /* BloQuery */,
				BA8AC12E1B7EA3FC000D6A15 /* BloQueryTests */,
			);
		};
/* End PBXProject section */

/* Begin PBXResourcesBuildPhase section */
		BA8AC1111B7EA3FC000D6A15 /* Resources */ = {
			isa = PBXResourcesBuildPhase;
			buildActionMask = 2147483647;
			files = (
				BA8AC1251B7EA3FC000D6A15 /* Main.storyboard in Resources */,
				BA8AC12A1B7EA3FC000D6A15 /* LaunchScreen.xib in Resources */,
				BA8AC1271B7EA3FC000D6A15 /* Images.xcassets in Resources */,
			);
			runOnlyForDeploymentPostprocessing = 0;
		};
		BA8AC12D1B7EA3FC000D6A15 /* Resources */ = {
			isa = PBXResourcesBuildPhase;
			buildActionMask = 2147483647;
			files = (
			);
			runOnlyForDeploymentPostprocessing = 0;
		};
/* End PBXResourcesBuildPhase section */

/* Begin PBXSourcesBuildPhase section */
		BA8AC10F1B7EA3FC000D6A15 /* Sources */ = {
			isa = PBXSourcesBuildPhase;
			buildActionMask = 2147483647;
			files = (
				BA8AC1921B814385000D6A15 /* User.m in Sources */,
				BA8AC11C1B7EA3FC000D6A15 /* AppDelegate.m in Sources */,
				BA55ADAD1B82917F00985717 /* QuestionCellAnswerView.m in Sources */,
				BA55ADB11B8291B200985717 /* AnswerCell.m in Sources */,
				BA8AC17E1B7EC566000D6A15 /* QuestionsCell.m in Sources */,
				BA8AC1711B7EBDC3000D6A15 /* signUpViewControllerConfigure.m in Sources */,
				BA8AC15F1B7EA626000D6A15 /* LogInViewController.m in Sources */,
				BA8AC1841B8109C9000D6A15 /* QuestionsTableViewController.m in Sources */,
				BA8AC1701B7EBDC3000D6A15 /* logInViewControllerConfigure.m in Sources */,
				BA1F29A91B8166AB00219F95 /* Question.m in Sources */,
				BA8AC1191B7EA3FC000D6A15 /* main.m in Sources */,
				BA55ADAA1B828A2700985717 /* AnswersTVController.m in Sources */,
				BA1F29AF1B8178D300219F95 /* InterestLevelIcon.m in Sources */,
			);
			runOnlyForDeploymentPostprocessing = 0;
		};
		BA8AC12B1B7EA3FC000D6A15 /* Sources */ = {
			isa = PBXSourcesBuildPhase;
			buildActionMask = 2147483647;
			files = (
				BABD8F601B83A25500F1F519 /* QuestionCreationTest.m in Sources */,
				BABD8F641B83A70E00F1F519 /* UserCreationTest.m in Sources */,
			);
			runOnlyForDeploymentPostprocessing = 0;
		};
/* End PBXSourcesBuildPhase section */

/* Begin PBXTargetDependency section */
		BA8AC1311B7EA3FC000D6A15 /* PBXTargetDependency */ = {
			isa = PBXTargetDependency;
			target = BA8AC1121B7EA3FC000D6A15 /* BloQuery */;
			targetProxy = BA8AC1301B7EA3FC000D6A15 /* PBXContainerItemProxy */;
		};
/* End PBXTargetDependency section */

/* Begin PBXVariantGroup section */
		BA8AC1231B7EA3FC000D6A15 /* Main.storyboard */ = {
			isa = PBXVariantGroup;
			children = (
				BA8AC1241B7EA3FC000D6A15 /* Base */,
			);
			name = Main.storyboard;
			sourceTree = "<group>";
		};
		BA8AC1281B7EA3FC000D6A15 /* LaunchScreen.xib */ = {
			isa = PBXVariantGroup;
			children = (
				BA8AC1291B7EA3FC000D6A15 /* Base */,
			);
			name = LaunchScreen.xib;
			sourceTree = "<group>";
		};
/* End PBXVariantGroup section */

/* Begin XCBuildConfiguration section */
		BA8AC1371B7EA3FC000D6A15 /* Debug */ = {
			isa = XCBuildConfiguration;
			buildSettings = {
				ALWAYS_SEARCH_USER_PATHS = NO;
				CLANG_CXX_LANGUAGE_STANDARD = "gnu++0x";
				CLANG_CXX_LIBRARY = "libc++";
				CLANG_ENABLE_MODULES = YES;
				CLANG_ENABLE_OBJC_ARC = YES;
				CLANG_WARN_BOOL_CONVERSION = YES;
				CLANG_WARN_CONSTANT_CONVERSION = YES;
				CLANG_WARN_DIRECT_OBJC_ISA_USAGE = YES_ERROR;
				CLANG_WARN_EMPTY_BODY = YES;
				CLANG_WARN_ENUM_CONVERSION = YES;
				CLANG_WARN_INT_CONVERSION = YES;
				CLANG_WARN_OBJC_ROOT_CLASS = YES_ERROR;
				CLANG_WARN_UNREACHABLE_CODE = YES;
				CLANG_WARN__DUPLICATE_METHOD_MATCH = YES;
				"CODE_SIGN_IDENTITY[sdk=iphoneos*]" = "iPhone Developer";
				COPY_PHASE_STRIP = NO;
				DEBUG_INFORMATION_FORMAT = "dwarf-with-dsym";
				ENABLE_STRICT_OBJC_MSGSEND = YES;
				GCC_C_LANGUAGE_STANDARD = gnu99;
				GCC_DYNAMIC_NO_PIC = NO;
				GCC_NO_COMMON_BLOCKS = YES;
				GCC_OPTIMIZATION_LEVEL = 0;
				GCC_PREPROCESSOR_DEFINITIONS = (
					"DEBUG=1",
					"$(inherited)",
				);
				GCC_SYMBOLS_PRIVATE_EXTERN = NO;
				GCC_WARN_64_TO_32_BIT_CONVERSION = YES;
				GCC_WARN_ABOUT_RETURN_TYPE = YES_ERROR;
				GCC_WARN_UNDECLARED_SELECTOR = YES;
				GCC_WARN_UNINITIALIZED_AUTOS = YES_AGGRESSIVE;
				GCC_WARN_UNUSED_FUNCTION = YES;
				GCC_WARN_UNUSED_VARIABLE = YES;
				IPHONEOS_DEPLOYMENT_TARGET = 8.4;
				MTL_ENABLE_DEBUG_INFO = YES;
				ONLY_ACTIVE_ARCH = YES;
				SDKROOT = iphoneos;
			};
			name = Debug;
		};
		BA8AC1381B7EA3FC000D6A15 /* Release */ = {
			isa = XCBuildConfiguration;
			buildSettings = {
				ALWAYS_SEARCH_USER_PATHS = NO;
				CLANG_CXX_LANGUAGE_STANDARD = "gnu++0x";
				CLANG_CXX_LIBRARY = "libc++";
				CLANG_ENABLE_MODULES = YES;
				CLANG_ENABLE_OBJC_ARC = YES;
				CLANG_WARN_BOOL_CONVERSION = YES;
				CLANG_WARN_CONSTANT_CONVERSION = YES;
				CLANG_WARN_DIRECT_OBJC_ISA_USAGE = YES_ERROR;
				CLANG_WARN_EMPTY_BODY = YES;
				CLANG_WARN_ENUM_CONVERSION = YES;
				CLANG_WARN_INT_CONVERSION = YES;
				CLANG_WARN_OBJC_ROOT_CLASS = YES_ERROR;
				CLANG_WARN_UNREACHABLE_CODE = YES;
				CLANG_WARN__DUPLICATE_METHOD_MATCH = YES;
				"CODE_SIGN_IDENTITY[sdk=iphoneos*]" = "iPhone Developer";
				COPY_PHASE_STRIP = NO;
				DEBUG_INFORMATION_FORMAT = "dwarf-with-dsym";
				ENABLE_NS_ASSERTIONS = NO;
				ENABLE_STRICT_OBJC_MSGSEND = YES;
				GCC_C_LANGUAGE_STANDARD = gnu99;
				GCC_NO_COMMON_BLOCKS = YES;
				GCC_WARN_64_TO_32_BIT_CONVERSION = YES;
				GCC_WARN_ABOUT_RETURN_TYPE = YES_ERROR;
				GCC_WARN_UNDECLARED_SELECTOR = YES;
				GCC_WARN_UNINITIALIZED_AUTOS = YES_AGGRESSIVE;
				GCC_WARN_UNUSED_FUNCTION = YES;
				GCC_WARN_UNUSED_VARIABLE = YES;
				IPHONEOS_DEPLOYMENT_TARGET = 8.4;
				MTL_ENABLE_DEBUG_INFO = NO;
				SDKROOT = iphoneos;
				VALIDATE_PRODUCT = YES;
			};
			name = Release;
		};
		BA8AC13A1B7EA3FC000D6A15 /* Debug */ = {
			isa = XCBuildConfiguration;
			buildSettings = {
				ASSETCATALOG_COMPILER_APPICON_NAME = AppIcon;
				FRAMEWORK_SEARCH_PATHS = (
					"$(inherited)",
					"$(PROJECT_DIR)/BloQuery.xcodeproj",
					"/Users/charleswesleycho/Downloads/parse-library-1.7.5",
					"/Users/charleswesleycho/Downloads/FacebookSDKs-iOS-20150810",
				);
				INFOPLIST_FILE = BloQuery/Info.plist;
				LD_RUNPATH_SEARCH_PATHS = "$(inherited) @executable_path/Frameworks";
				PRODUCT_NAME = "$(TARGET_NAME)";
			};
			name = Debug;
		};
		BA8AC13B1B7EA3FC000D6A15 /* Release */ = {
			isa = XCBuildConfiguration;
			buildSettings = {
				ASSETCATALOG_COMPILER_APPICON_NAME = AppIcon;
				FRAMEWORK_SEARCH_PATHS = (
					"$(inherited)",
					"$(PROJECT_DIR)/BloQuery.xcodeproj",
					"/Users/charleswesleycho/Downloads/parse-library-1.7.5",
					"/Users/charleswesleycho/Downloads/FacebookSDKs-iOS-20150810",
				);
				INFOPLIST_FILE = BloQuery/Info.plist;
				LD_RUNPATH_SEARCH_PATHS = "$(inherited) @executable_path/Frameworks";
				PRODUCT_NAME = "$(TARGET_NAME)";
			};
			name = Release;
		};
		BA8AC13D1B7EA3FC000D6A15 /* Debug */ = {
			isa = XCBuildConfiguration;
			buildSettings = {
				BUNDLE_LOADER = "$(TEST_HOST)";
				FRAMEWORK_SEARCH_PATHS = (
					"$(SDKROOT)/Developer/Library/Frameworks",
					"$(inherited)",
					"/Users/charleswesleycho/Downloads/parse-library-1.7.5",
					"/Users/charleswesleycho/Downloads/parse-library-1.8.1",
				);
				GCC_PREPROCESSOR_DEFINITIONS = (
					"DEBUG=1",
					"$(inherited)",
				);
				INFOPLIST_FILE = BloQueryTests/Info.plist;
				LD_RUNPATH_SEARCH_PATHS = "$(inherited) @executable_path/Frameworks @loader_path/Frameworks";
				PRODUCT_NAME = "$(TARGET_NAME)";
				TEST_HOST = "$(BUILT_PRODUCTS_DIR)/BloQuery.app/BloQuery";
			};
			name = Debug;
		};
		BA8AC13E1B7EA3FC000D6A15 /* Release */ = {
			isa = XCBuildConfiguration;
			buildSettings = {
				BUNDLE_LOADER = "$(TEST_HOST)";
				FRAMEWORK_SEARCH_PATHS = (
					"$(SDKROOT)/Developer/Library/Frameworks",
					"$(inherited)",
					"/Users/charleswesleycho/Downloads/parse-library-1.7.5",
					"/Users/charleswesleycho/Downloads/parse-library-1.8.1",
				);
				INFOPLIST_FILE = BloQueryTests/Info.plist;
				LD_RUNPATH_SEARCH_PATHS = "$(inherited) @executable_path/Frameworks @loader_path/Frameworks";
				PRODUCT_NAME = "$(TARGET_NAME)";
				TEST_HOST = "$(BUILT_PRODUCTS_DIR)/BloQuery.app/BloQuery";
			};
			name = Release;
		};
/* End XCBuildConfiguration section */

/* Begin XCConfigurationList section */
		BA8AC10E1B7EA3FC000D6A15 /* Build configuration list for PBXProject "BloQuery" */ = {
			isa = XCConfigurationList;
			buildConfigurations = (
				BA8AC1371B7EA3FC000D6A15 /* Debug */,
				BA8AC1381B7EA3FC000D6A15 /* Release */,
			);
			defaultConfigurationIsVisible = 0;
			defaultConfigurationName = Release;
		};
		BA8AC1391B7EA3FC000D6A15 /* Build configuration list for PBXNativeTarget "BloQuery" */ = {
			isa = XCConfigurationList;
			buildConfigurations = (
				BA8AC13A1B7EA3FC000D6A15 /* Debug */,
				BA8AC13B1B7EA3FC000D6A15 /* Release */,
			);
			defaultConfigurationIsVisible = 0;
			defaultConfigurationName = Release;
		};
		BA8AC13C1B7EA3FC000D6A15 /* Build configuration list for PBXNativeTarget "BloQueryTests" */ = {
			isa = XCConfigurationList;
			buildConfigurations = (
				BA8AC13D1B7EA3FC000D6A15 /* Debug */,
				BA8AC13E1B7EA3FC000D6A15 /* Release */,
			);
			defaultConfigurationIsVisible = 0;
			defaultConfigurationName = Release;
		};
/* End XCConfigurationList section */
	};
	rootObject = BA8AC10B1B7EA3FC000D6A15 /* Project object */;
}
